
Microsoft Visual Studio Solution File, Format Version 12.00
# Visual Studio 15
VisualStudioVersion = 15.0.27428.2015
MinimumVisualStudioVersion = 10.0.40219.1
Project("{FAE04EC0-301F-11D3-BF4B-00C04F79EFBC}") = "NTPayments", "NTPayments\NTPayments.csproj", "{C8863FC5-6B1A-41A0-84D8-6C33BD19CF74}"
EndProject
Global
	GlobalSection(SolutionConfigurationPlatforms) = preSolution
		Debug|Any CPU = Debug|Any CPU
		Release|Any CPU = Release|Any CPU
	EndGlobalSection
	GlobalSection(ProjectConfigurationPlatforms) = postSolution
		{C8863FC5-6B1A-41A0-84D8-6C33BD19CF74}.Debug|Any CPU.ActiveCfg = Debug|Any CPU
		{C8863FC5-6B1A-41A0-84D8-6C33BD19CF74}.Debug|Any CPU.Build.0 = Debug|Any CPU
		{C8863FC5-6B1A-41A0-84D8-6C33BD19CF74}.Release|Any CPU.ActiveCfg = Release|Any CPU
		{C8863FC5-6B1A-41A0-84D8-6C33BD19CF74}.Release|Any CPU.Build.0 = Release|Any CPU
	EndGlobalSection
	GlobalSection(SolutionProperties) = preSolution
		HideSolutionNode = FALSE
	EndGlobalSection
	GlobalSection(ExtensibilityGlobals) = postSolution
		SolutionGuid = {E1E9A2C3-D719-4D9A-9488-F3ED7BF136CB}
	EndGlobalSection
EndGlobal
